
Microsoft Visual Studio Solution File, Format Version 12.00
# Visual Studio 15
VisualStudioVersion = 15.0.28307.168
MinimumVisualStudioVersion = 10.0.40219.1
Project("{8BC9CEB8-8B4A-11D0-8D11-00A0C91BC942}") = "Sandbox", "Sandbox\Sandbox.vcxproj", "{67AD072F-1FAE-4822-AAE4-DDDD3D13B31D}"
EndProject
Project("{8BC9CEB8-8B4A-11D0-8D11-00A0C91BC942}") = "Chisel", "Chisel\Chisel.vcxproj", "{E88950F0-1679-47FF-B839-2F9B4A54117B}"
EndProject
Global
	GlobalSection(SolutionConfigurationPlatforms) = preSolution
		Debug|x64 = Debug|x64
		Release|x64 = Release|x64
	EndGlobalSection
	GlobalSection(ProjectConfigurationPlatforms) = postSolution
		{E88950F0-1679-47FF-B839-2F9B4A54117B}.Debug|x64.ActiveCfg = Debug|x64
		{E88950F0-1679-47FF-B839-2F9B4A54117B}.Debug|x64.Build.0 = Debug|x64
		{E88950F0-1679-47FF-B839-2F9B4A54117B}.Release|x64.ActiveCfg = Release|x64
		{E88950F0-1679-47FF-B839-2F9B4A54117B}.Release|x64.Build.0 = Release|x64
		{67AD072F-1FAE-4822-AAE4-DDDD3D13B31D}.Debug|x64.ActiveCfg = Debug|x64
		{67AD072F-1FAE-4822-AAE4-DDDD3D13B31D}.Debug|x64.Build.0 = Debug|x64
		{67AD072F-1FAE-4822-AAE4-DDDD3D13B31D}.Release|x64.ActiveCfg = Release|x64
		{67AD072F-1FAE-4822-AAE4-DDDD3D13B31D}.Release|x64.Build.0 = Release|x64
	EndGlobalSection
	GlobalSection(SolutionProperties) = preSolution
		HideSolutionNode = FALSE
	EndGlobalSection
	GlobalSection(ExtensibilityGlobals) = postSolution
		SolutionGuid = {D056BA01-4442-4D64-A3E0-DBC27E50721A}
	EndGlobalSection
EndGlobal
